
Microsoft Visual Studio Solution File, Format Version 12.00
# Visual Studio Version 17
VisualStudioVersion = 17.4.33213.308
MinimumVisualStudioVersion = 10.0.40219.1
Project("{9A19103F-16F7-4668-BE54-9A1E7A4F7556}") = "Backend.Challenge", "Backend.Challenge.csproj", "{99850978-94E9-4BFB-8D3C-8DE6631C4F39}"
EndProject
Global
	GlobalSection(SolutionConfigurationPlatforms) = preSolution
		Debug|Any CPU = Debug|Any CPU
		Release|Any CPU = Release|Any CPU
	EndGlobalSection
	GlobalSection(ProjectConfigurationPlatforms) = postSolution
		{99850978-94E9-4BFB-8D3C-8DE6631C4F39}.Debug|Any CPU.ActiveCfg = Debug|Any CPU
		{99850978-94E9-4BFB-8D3C-8DE6631C4F39}.Debug|Any CPU.Build.0 = Debug|Any CPU
		{99850978-94E9-4BFB-8D3C-8DE6631C4F39}.Release|Any CPU.ActiveCfg = Release|Any CPU
		{99850978-94E9-4BFB-8D3C-8DE6631C4F39}.Release|Any CPU.Build.0 = Release|Any CPU
	EndGlobalSection
	GlobalSection(SolutionProperties) = preSolution
		HideSolutionNode = FALSE
	EndGlobalSection
	GlobalSection(ExtensibilityGlobals) = postSolution
		SolutionGuid = {EF690BFA-A9DB-416D-9BE9-8353E17D98D6}
	EndGlobalSection
EndGlobal
